
Microsoft Visual Studio Solution File, Format Version 12.00
# Visual Studio Version 16
VisualStudioVersion = 16.0.29009.5
MinimumVisualStudioVersion = 10.0.40219.1
Project("{FAE04EC0-301F-11D3-BF4B-00C04F79EFBC}") = "CRUD.DATA", "CRUD.DATA\CRUD.DATA.csproj", "{6BD999BC-8A9E-4AB5-A5CD-2FE04E709030}"
EndProject
Project("{FAE04EC0-301F-11D3-BF4B-00C04F79EFBC}") = "CRUD.DAO", "CRUD.DAO\CRUD.DAO.csproj", "{B79F9BBA-FB19-4DC3-BF7D-C36DC0507BF5}"
EndProject
Project("{FAE04EC0-301F-11D3-BF4B-00C04F79EFBC}") = "CRUD.ENTIDADES", "CRUD.ENTIDADES\CRUD.ENTIDADES.csproj", "{2418A3AE-40DC-46EB-A0A4-AFA558422A84}"
EndProject
Project("{FAE04EC0-301F-11D3-BF4B-00C04F79EFBC}") = "CRUD.WebAplication", "CRUD.WebAplication\CRUD.WebAplication.csproj", "{DA6787CE-2B9A-4135-83A9-EA58DC552E63}"
EndProject
Project("{FAE04EC0-301F-11D3-BF4B-00C04F79EFBC}") = "CRUD.BUSINESS", "CRUD.BUSINESS\CRUD.BUSINESS.csproj", "{EB5E47C6-FCD9-480D-A845-E91A68892048}"
EndProject
Global
	GlobalSection(SolutionConfigurationPlatforms) = preSolution
		Debug|Any CPU = Debug|Any CPU
		Release|Any CPU = Release|Any CPU
	EndGlobalSection
	GlobalSection(ProjectConfigurationPlatforms) = postSolution
		{6BD999BC-8A9E-4AB5-A5CD-2FE04E709030}.Debug|Any CPU.ActiveCfg = Debug|Any CPU
		{6BD999BC-8A9E-4AB5-A5CD-2FE04E709030}.Debug|Any CPU.Build.0 = Debug|Any CPU
		{6BD999BC-8A9E-4AB5-A5CD-2FE04E709030}.Release|Any CPU.ActiveCfg = Release|Any CPU
		{6BD999BC-8A9E-4AB5-A5CD-2FE04E709030}.Release|Any CPU.Build.0 = Release|Any CPU
		{B79F9BBA-FB19-4DC3-BF7D-C36DC0507BF5}.Debug|Any CPU.ActiveCfg = Debug|Any CPU
		{B79F9BBA-FB19-4DC3-BF7D-C36DC0507BF5}.Debug|Any CPU.Build.0 = Debug|Any CPU
		{B79F9BBA-FB19-4DC3-BF7D-C36DC0507BF5}.Release|Any CPU.ActiveCfg = Release|Any CPU
		{B79F9BBA-FB19-4DC3-BF7D-C36DC0507BF5}.Release|Any CPU.Build.0 = Release|Any CPU
		{2418A3AE-40DC-46EB-A0A4-AFA558422A84}.Debug|Any CPU.ActiveCfg = Debug|Any CPU
		{2418A3AE-40DC-46EB-A0A4-AFA558422A84}.Debug|Any CPU.Build.0 = Debug|Any CPU
		{2418A3AE-40DC-46EB-A0A4-AFA558422A84}.Release|Any CPU.ActiveCfg = Release|Any CPU
		{2418A3AE-40DC-46EB-A0A4-AFA558422A84}.Release|Any CPU.Build.0 = Release|Any CPU
		{DA6787CE-2B9A-4135-83A9-EA58DC552E63}.Debug|Any CPU.ActiveCfg = Debug|Any CPU
		{DA6787CE-2B9A-4135-83A9-EA58DC552E63}.Debug|Any CPU.Build.0 = Debug|Any CPU
		{DA6787CE-2B9A-4135-83A9-EA58DC552E63}.Release|Any CPU.ActiveCfg = Release|Any CPU
		{DA6787CE-2B9A-4135-83A9-EA58DC552E63}.Release|Any CPU.Build.0 = Release|Any CPU
		{EB5E47C6-FCD9-480D-A845-E91A68892048}.Debug|Any CPU.ActiveCfg = Debug|Any CPU
		{EB5E47C6-FCD9-480D-A845-E91A68892048}.Debug|Any CPU.Build.0 = Debug|Any CPU
		{EB5E47C6-FCD9-480D-A845-E91A68892048}.Release|Any CPU.ActiveCfg = Release|Any CPU
		{EB5E47C6-FCD9-480D-A845-E91A68892048}.Release|Any CPU.Build.0 = Release|Any CPU
	EndGlobalSection
	GlobalSection(SolutionProperties) = preSolution
		HideSolutionNode = FALSE
	EndGlobalSection
	GlobalSection(ExtensibilityGlobals) = postSolution
		SolutionGuid = {2C5D0D0A-5E2C-4C2C-8E78-777644970FCB}
	EndGlobalSection
EndGlobal
